// !$*UTF8*$!
{
	archiveVersion = 1;
	classes = {
	};
	objectVersion = 46;
	objects = {

/* Begin PBXBuildFile section */
		0C45A45D1BB53264003F313D /* CitiesViewController.swift in Sources */ = {isa = PBXBuildFile; fileRef = 0C45A45C1BB53264003F313D /* CitiesViewController.swift */; };
		0C45A4641BB54B7E003F313D /* City.swift in Sources */ = {isa = PBXBuildFile; fileRef = 0C45A4631BB54B7E003F313D /* City.swift */; };
		0C45A4661BB54E32003F313D /* CitiesRepository.swift in Sources */ = {isa = PBXBuildFile; fileRef = 0C45A4651BB54E32003F313D /* CitiesRepository.swift */; };
		0C45A4681BB585E9003F313D /* MapKit.framework in Frameworks */ = {isa = PBXBuildFile; fileRef = 0C45A4671BB585E9003F313D /* MapKit.framework */; };
		0C45A46A1BB58771003F313D /* MapViewController.swift in Sources */ = {isa = PBXBuildFile; fileRef = 0C45A4691BB58771003F313D /* MapViewController.swift */; };
		0CDEAEB31BB3E37F003C2D8A /* Photo.swift in Sources */ = {isa = PBXBuildFile; fileRef = 0CDEAEB21BB3E37F003C2D8A /* Photo.swift */; };
		0CDEAEB51BB3EB79003C2D8A /* FlickrDownloader.swift in Sources */ = {isa = PBXBuildFile; fileRef = 0CDEAEB41BB3EB79003C2D8A /* FlickrDownloader.swift */; };
		0CDEAEBA1BB3F96D003C2D8A /* PhotosViewController.swift in Sources */ = {isa = PBXBuildFile; fileRef = 0CDEAEB91BB3F96D003C2D8A /* PhotosViewController.swift */; };
		0CDEAEBE1BB4D748003C2D8A /* UrlDataCache.swift in Sources */ = {isa = PBXBuildFile; fileRef = 0CDEAEBD1BB4D748003C2D8A /* UrlDataCache.swift */; };
		0CED5B5C1BB2EA8D0063102D /* AppDelegate.swift in Sources */ = {isa = PBXBuildFile; fileRef = 0CED5B5B1BB2EA8D0063102D /* AppDelegate.swift */; };
		0CED5B5F1BB2EA8D0063102D /* FlickrBee.xcdatamodeld in Sources */ = {isa = PBXBuildFile; fileRef = 0CED5B5D1BB2EA8D0063102D /* FlickrBee.xcdatamodeld */; };
		0CED5B641BB2EA8D0063102D /* Main.storyboard in Resources */ = {isa = PBXBuildFile; fileRef = 0CED5B621BB2EA8D0063102D /* Main.storyboard */; };
		0CED5B661BB2EA8D0063102D /* Images.xcassets in Resources */ = {isa = PBXBuildFile; fileRef = 0CED5B651BB2EA8D0063102D /* Images.xcassets */; };
		0CED5B691BB2EA8D0063102D /* LaunchScreen.xib in Resources */ = {isa = PBXBuildFile; fileRef = 0CED5B671BB2EA8D0063102D /* LaunchScreen.xib */; };
		0CED5B751BB2EA8D0063102D /* FlickrBeeTests.swift in Sources */ = {isa = PBXBuildFile; fileRef = 0CED5B741BB2EA8D0063102D /* FlickrBeeTests.swift */; };
/* End PBXBuildFile section */

/* Begin PBXContainerItemProxy section */
		0CED5B6F1BB2EA8D0063102D /* PBXContainerItemProxy */ = {
			isa = PBXContainerItemProxy;
			containerPortal = 0CED5B4E1BB2EA8D0063102D /* Project object */;
			proxyType = 1;
			remoteGlobalIDString = 0CED5B551BB2EA8D0063102D;
			remoteInfo = FlickrBee;
		};
/* End PBXContainerItemProxy section */

/* Begin PBXFileReference section */
		0C45A45C1BB53264003F313D /* CitiesViewController.swift */ = {isa = PBXFileReference; fileEncoding = 4; lastKnownFileType = sourcecode.swift; path = CitiesViewController.swift; sourceTree = "<group>"; };
		0C45A4631BB54B7E003F313D /* City.swift */ = {isa = PBXFileReference; fileEncoding = 4; lastKnownFileType = sourcecode.swift; path = City.swift; sourceTree = "<group>"; };
		0C45A4651BB54E32003F313D /* CitiesRepository.swift */ = {isa = PBXFileReference; fileEncoding = 4; lastKnownFileType = sourcecode.swift; path = CitiesRepository.swift; sourceTree = "<group>"; };
		0C45A4671BB585E9003F313D /* MapKit.framework */ = {isa = PBXFileReference; lastKnownFileType = wrapper.framework; name = MapKit.framework; path = System/Library/Frameworks/MapKit.framework; sourceTree = SDKROOT; };
		0C45A4691BB58771003F313D /* MapViewController.swift */ = {isa = PBXFileReference; fileEncoding = 4; lastKnownFileType = sourcecode.swift; path = MapViewController.swift; sourceTree = "<group>"; };
		0CDEAEB21BB3E37F003C2D8A /* Photo.swift */ = {isa = PBXFileReference; fileEncoding = 4; lastKnownFileType = sourcecode.swift; path = Photo.swift; sourceTree = "<group>"; };
		0CDEAEB41BB3EB79003C2D8A /* FlickrDownloader.swift */ = {isa = PBXFileReference; fileEncoding = 4; lastKnownFileType = sourcecode.swift; path = FlickrDownloader.swift; sourceTree = "<group>"; };
		0CDEAEB91BB3F96D003C2D8A /* PhotosViewController.swift */ = {isa = PBXFileReference; fileEncoding = 4; lastKnownFileType = sourcecode.swift; path = PhotosViewController.swift; sourceTree = "<group>"; };
		0CDEAEBD1BB4D748003C2D8A /* UrlDataCache.swift */ = {isa = PBXFileReference; fileEncoding = 4; lastKnownFileType = sourcecode.swift; path = UrlDataCache.swift; sourceTree = "<group>"; };
		0CED5B561BB2EA8D0063102D /* FlickrBee.app */ = {isa = PBXFileReference; explicitFileType = wrapper.application; includeInIndex = 0; path = FlickrBee.app; sourceTree = BUILT_PRODUCTS_DIR; };
		0CED5B5A1BB2EA8D0063102D /* Info.plist */ = {isa = PBXFileReference; lastKnownFileType = text.plist.xml; path = Info.plist; sourceTree = "<group>"; };
		0CED5B5B1BB2EA8D0063102D /* AppDelegate.swift */ = {isa = PBXFileReference; lastKnownFileType = sourcecode.swift; path = AppDelegate.swift; sourceTree = "<group>"; };
		0CED5B5E1BB2EA8D0063102D /* FlickrBee.xcdatamodel */ = {isa = PBXFileReference; lastKnownFileType = wrapper.xcdatamodel; path = FlickrBee.xcdatamodel; sourceTree = "<group>"; };
		0CED5B631BB2EA8D0063102D /* Base */ = {isa = PBXFileReference; lastKnownFileType = file.storyboard; name = Base; path = Base.lproj/Main.storyboard; sourceTree = "<group>"; };
		0CED5B651BB2EA8D0063102D /* Images.xcassets */ = {isa = PBXFileReference; lastKnownFileType = folder.assetcatalog; path = Images.xcassets; sourceTree = "<group>"; };
		0CED5B681BB2EA8D0063102D /* Base */ = {isa = PBXFileReference; lastKnownFileType = file.xib; name = Base; path = Base.lproj/LaunchScreen.xib; sourceTree = "<group>"; };
		0CED5B6E1BB2EA8D0063102D /* FlickrBeeTests.xctest */ = {isa = PBXFileReference; explicitFileType = wrapper.cfbundle; includeInIndex = 0; path = FlickrBeeTests.xctest; sourceTree = BUILT_PRODUCTS_DIR; };
		0CED5B731BB2EA8D0063102D /* Info.plist */ = {isa = PBXFileReference; lastKnownFileType = text.plist.xml; path = Info.plist; sourceTree = "<group>"; };
		0CED5B741BB2EA8D0063102D /* FlickrBeeTests.swift */ = {isa = PBXFileReference; lastKnownFileType = sourcecode.swift; path = FlickrBeeTests.swift; sourceTree = "<group>"; };
/* End PBXFileReference section */

/* Begin PBXFrameworksBuildPhase section */
		0CED5B531BB2EA8D0063102D /* Frameworks */ = {
			isa = PBXFrameworksBuildPhase;
			buildActionMask = 2147483647;
			files = (
				0C45A4681BB585E9003F313D /* MapKit.framework in Frameworks */,
			);
			runOnlyForDeploymentPostprocessing = 0;
		};
		0CED5B6B1BB2EA8D0063102D /* Frameworks */ = {
			isa = PBXFrameworksBuildPhase;
			buildActionMask = 2147483647;
			files = (
			);
			runOnlyForDeploymentPostprocessing = 0;
		};
/* End PBXFrameworksBuildPhase section */

/* Begin PBXGroup section */
		0C45A4621BB54B61003F313D /* Controller */ = {
			isa = PBXGroup;
			children = (
				0CDEAEB91BB3F96D003C2D8A /* PhotosViewController.swift */,
				0C45A45C1BB53264003F313D /* CitiesViewController.swift */,
				0C45A4691BB58771003F313D /* MapViewController.swift */,
			);
			name = Controller;
			sourceTree = "<group>";
		};
		0CDEAEB61BB3EBE6003C2D8A /* Model */ = {
			isa = PBXGroup;
			children = (
				0C45A4631BB54B7E003F313D /* City.swift */,
				0CDEAEBD1BB4D748003C2D8A /* UrlDataCache.swift */,
				0CED5B5D1BB2EA8D0063102D /* FlickrBee.xcdatamodeld */,
				0CDEAEB41BB3EB79003C2D8A /* FlickrDownloader.swift */,
				0CDEAEB21BB3E37F003C2D8A /* Photo.swift */,
				0C45A4651BB54E32003F313D /* CitiesRepository.swift */,
			);
			name = Model;
			sourceTree = "<group>";
		};
		0CDEAEB71BB3EBF6003C2D8A /* View */ = {
			isa = PBXGroup;
			children = (
				0CED5B621BB2EA8D0063102D /* Main.storyboard */,
			);
			name = View;
			sourceTree = "<group>";
		};
		0CED5B4D1BB2EA8D0063102D = {
			isa = PBXGroup;
			children = (
				0C45A4671BB585E9003F313D /* MapKit.framework */,
				0CED5B581BB2EA8D0063102D /* FlickrBee */,
				0CED5B711BB2EA8D0063102D /* FlickrBeeTests */,
				0CED5B571BB2EA8D0063102D /* Products */,
			);
			sourceTree = "<group>";
		};
		0CED5B571BB2EA8D0063102D /* Products */ = {
			isa = PBXGroup;
			children = (
				0CED5B561BB2EA8D0063102D /* FlickrBee.app */,
				0CED5B6E1BB2EA8D0063102D /* FlickrBeeTests.xctest */,
			);
			name = Products;
			sourceTree = "<group>";
		};
		0CED5B581BB2EA8D0063102D /* FlickrBee */ = {
			isa = PBXGroup;
			children = (
				0CED5B591BB2EA8D0063102D /* Supporting Files */,
				0CED5B5B1BB2EA8D0063102D /* AppDelegate.swift */,
				0CDEAEB71BB3EBF6003C2D8A /* View */,
				0CDEAEB61BB3EBE6003C2D8A /* Model */,
				0C45A4621BB54B61003F313D /* Controller */,
			);
			path = FlickrBee;
			sourceTree = "<group>";
		};
		0CED5B591BB2EA8D0063102D /* Supporting Files */ = {
			isa = PBXGroup;
			children = (
				0CED5B671BB2EA8D0063102D /* LaunchScreen.xib */,
				0CED5B651BB2EA8D0063102D /* Images.xcassets */,
				0CED5B5A1BB2EA8D0063102D /* Info.plist */,
			);
			name = "Supporting Files";
			sourceTree = "<group>";
		};
		0CED5B711BB2EA8D0063102D /* FlickrBeeTests */ = {
			isa = PBXGroup;
			children = (
				0CED5B741BB2EA8D0063102D /* FlickrBeeTests.swift */,
				0CED5B721BB2EA8D0063102D /* Supporting Files */,
			);
			path = FlickrBeeTests;
			sourceTree = "<group>";
		};
		0CED5B721BB2EA8D0063102D /* Supporting Files */ = {
			isa = PBXGroup;
			children = (
				0CED5B731BB2EA8D0063102D /* Info.plist */,
			);
			name = "Supporting Files";
			sourceTree = "<group>";
		};
/* End PBXGroup section */

/* Begin PBXNativeTarget section */
		0CED5B551BB2EA8D0063102D /* FlickrBee */ = {
			isa = PBXNativeTarget;
			buildConfigurationList = 0CED5B781BB2EA8D0063102D /* Build configuration list for PBXNativeTarget "FlickrBee" */;
			buildPhases = (
				0CED5B521BB2EA8D0063102D /* Sources */,
				0CED5B531BB2EA8D0063102D /* Frameworks */,
				0CED5B541BB2EA8D0063102D /* Resources */,
			);
			buildRules = (
			);
			dependencies = (
			);
			name = FlickrBee;
			productName = FlickrBee;
			productReference = 0CED5B561BB2EA8D0063102D /* FlickrBee.app */;
			productType = "com.apple.product-type.application";
		};
		0CED5B6D1BB2EA8D0063102D /* FlickrBeeTests */ = {
			isa = PBXNativeTarget;
			buildConfigurationList = 0CED5B7B1BB2EA8D0063102D /* Build configuration list for PBXNativeTarget "FlickrBeeTests" */;
			buildPhases = (
				0CED5B6A1BB2EA8D0063102D /* Sources */,
				0CED5B6B1BB2EA8D0063102D /* Frameworks */,
				0CED5B6C1BB2EA8D0063102D /* Resources */,
			);
			buildRules = (
			);
			dependencies = (
				0CED5B701BB2EA8D0063102D /* PBXTargetDependency */,
			);
			name = FlickrBeeTests;
			productName = FlickrBeeTests;
			productReference = 0CED5B6E1BB2EA8D0063102D /* FlickrBeeTests.xctest */;
			productType = "com.apple.product-type.bundle.unit-test";
		};
/* End PBXNativeTarget section */

/* Begin PBXProject section */
		0CED5B4E1BB2EA8D0063102D /* Project object */ = {
			isa = PBXProject;
			attributes = {
				LastSwiftMigration = 0700;
				LastSwiftUpdateCheck = 0700;
				LastUpgradeCheck = 0640;
				ORGANIZATIONNAME = "florian BUREL";
				TargetAttributes = {
					0CED5B551BB2EA8D0063102D = {
						CreatedOnToolsVersion = 6.4;
						DevelopmentTeam = 68APJ54Y46;
						SystemCapabilities = {
							com.apple.Maps.iOS = {
								enabled = 1;
							};
						};
					};
					0CED5B6D1BB2EA8D0063102D = {
						CreatedOnToolsVersion = 6.4;
						TestTargetID = 0CED5B551BB2EA8D0063102D;
					};
				};
			};
			buildConfigurationList = 0CED5B511BB2EA8D0063102D /* Build configuration list for PBXProject "FlickrBee" */;
			compatibilityVersion = "Xcode 3.2";
			developmentRegion = English;
			hasScannedForEncodings = 0;
			knownRegions = (
				en,
				Base,
			);
			mainGroup = 0CED5B4D1BB2EA8D0063102D;
			productRefGroup = 0CED5B571BB2EA8D0063102D /* Products */;
			projectDirPath = "";
			projectRoot = "";
			targets = (
				0CED5B551BB2EA8D0063102D /* FlickrBee */,
				0CED5B6D1BB2EA8D0063102D /* FlickrBeeTests */,
			);
		};
/* End PBXProject section */

/* Begin PBXResourcesBuildPhase section */
		0CED5B541BB2EA8D0063102D /* Resources */ = {
			isa = PBXResourcesBuildPhase;
			buildActionMask = 2147483647;
			files = (
				0CED5B641BB2EA8D0063102D /* Main.storyboard in Resources */,
				0CED5B691BB2EA8D0063102D /* LaunchScreen.xib in Resources */,
				0CED5B661BB2EA8D0063102D /* Images.xcassets in Resources */,
			);
			runOnlyForDeploymentPostprocessing = 0;
		};
		0CED5B6C1BB2EA8D0063102D /* Resources */ = {
			isa = PBXResourcesBuildPhase;
			buildActionMask = 2147483647;
			files = (
			);
			runOnlyForDeploymentPostprocessing = 0;
		};
/* End PBXResourcesBuildPhase section */

/* Begin PBXSourcesBuildPhase section */
		0CED5B521BB2EA8D0063102D /* Sources */ = {
			isa = PBXSourcesBuildPhase;
			buildActionMask = 2147483647;
			files = (
				0CDEAEBE1BB4D748003C2D8A /* UrlDataCache.swift in Sources */,
				0CDEAEB31BB3E37F003C2D8A /* Photo.swift in Sources */,
				0C45A4661BB54E32003F313D /* CitiesRepository.swift in Sources */,
				0C45A46A1BB58771003F313D /* MapViewController.swift in Sources */,
				0CED5B5C1BB2EA8D0063102D /* AppDelegate.swift in Sources */,
				0CED5B5F1BB2EA8D0063102D /* FlickrBee.xcdatamodeld in Sources */,
				0CDEAEB51BB3EB79003C2D8A /* FlickrDownloader.swift in Sources */,
				0C45A45D1BB53264003F313D /* CitiesViewController.swift in Sources */,
				0C45A4641BB54B7E003F313D /* City.swift in Sources */,
				0CDEAEBA1BB3F96D003C2D8A /* PhotosViewController.swift in Sources */,
			);
			runOnlyForDeploymentPostprocessing = 0;
		};
		0CED5B6A1BB2EA8D0063102D /* Sources */ = {
			isa = PBXSourcesBuildPhase;
			buildActionMask = 2147483647;
			files = (
				0CED5B751BB2EA8D0063102D /* FlickrBeeTests.swift in Sources */,
			);
			runOnlyForDeploymentPostprocessing = 0;
		};
/* End PBXSourcesBuildPhase section */

/* Begin PBXTargetDependency section */
		0CED5B701BB2EA8D0063102D /* PBXTargetDependency */ = {
			isa = PBXTargetDependency;
			target = 0CED5B551BB2EA8D0063102D /* FlickrBee */;
			targetProxy = 0CED5B6F1BB2EA8D0063102D /* PBXContainerItemProxy */;
		};
/* End PBXTargetDependency section */

/* Begin PBXVariantGroup section */
		0CED5B621BB2EA8D0063102D /* Main.storyboard */ = {
			isa = PBXVariantGroup;
			children = (
				0CED5B631BB2EA8D0063102D /* Base */,
			);
			name = Main.storyboard;
			sourceTree = "<group>";
		};
		0CED5B671BB2EA8D0063102D /* LaunchScreen.xib */ = {
			isa = PBXVariantGroup;
			children = (
				0CED5B681BB2EA8D0063102D /* Base */,
			);
			name = LaunchScreen.xib;
			sourceTree = "<group>";
		};
/* End PBXVariantGroup section */

/* Begin XCBuildConfiguration section */
		0CED5B761BB2EA8D0063102D /* Debug */ = {
			isa = XCBuildConfiguration;
			buildSettings = {
				ALWAYS_SEARCH_USER_PATHS = NO;
				CLANG_CXX_LANGUAGE_STANDARD = "gnu++0x";
				CLANG_CXX_LIBRARY = "libc++";
				CLANG_ENABLE_MODULES = YES;
				CLANG_ENABLE_OBJC_ARC = YES;
				CLANG_WARN_BOOL_CONVERSION = YES;
				CLANG_WARN_CONSTANT_CONVERSION = YES;
				CLANG_WARN_DIRECT_OBJC_ISA_USAGE = YES_ERROR;
				CLANG_WARN_EMPTY_BODY = YES;
				CLANG_WARN_ENUM_CONVERSION = YES;
				CLANG_WARN_INT_CONVERSION = YES;
				CLANG_WARN_OBJC_ROOT_CLASS = YES_ERROR;
				CLANG_WARN_UNREACHABLE_CODE = YES;
				CLANG_WARN__DUPLICATE_METHOD_MATCH = YES;
				"CODE_SIGN_IDENTITY[sdk=iphoneos*]" = "iPhone Developer";
				COPY_PHASE_STRIP = NO;
				DEBUG_INFORMATION_FORMAT = "dwarf-with-dsym";
				ENABLE_STRICT_OBJC_MSGSEND = YES;
				GCC_C_LANGUAGE_STANDARD = gnu99;
				GCC_DYNAMIC_NO_PIC = NO;
				GCC_NO_COMMON_BLOCKS = YES;
				GCC_OPTIMIZATION_LEVEL = 0;
				GCC_PREPROCESSOR_DEFINITIONS = (
					"DEBUG=1",
					"$(inherited)",
				);
				GCC_SYMBOLS_PRIVATE_EXTERN = NO;
				GCC_WARN_64_TO_32_BIT_CONVERSION = YES;
				GCC_WARN_ABOUT_RETURN_TYPE = YES_ERROR;
				GCC_WARN_UNDECLARED_SELECTOR = YES;
				GCC_WARN_UNINITIALIZED_AUTOS = YES_AGGRESSIVE;
				GCC_WARN_UNUSED_FUNCTION = YES;
				GCC_WARN_UNUSED_VARIABLE = YES;
				IPHONEOS_DEPLOYMENT_TARGET = 8.4;
				MTL_ENABLE_DEBUG_INFO = YES;
				ONLY_ACTIVE_ARCH = YES;
				SDKROOT = iphoneos;
				SWIFT_OPTIMIZATION_LEVEL = "-Onone";
				TARGETED_DEVICE_FAMILY = "1,2";
			};
			name = Debug;
		};
		0CED5B771BB2EA8D0063102D /* Release */ = {
			isa = XCBuildConfiguration;
			buildSettings = {
				ALWAYS_SEARCH_USER_PATHS = NO;
				CLANG_CXX_LANGUAGE_STANDARD = "gnu++0x";
				CLANG_CXX_LIBRARY = "libc++";
				CLANG_ENABLE_MODULES = YES;
				CLANG_ENABLE_OBJC_ARC = YES;
				CLANG_WARN_BOOL_CONVERSION = YES;
				CLANG_WARN_CONSTANT_CONVERSION = YES;
				CLANG_WARN_DIRECT_OBJC_ISA_USAGE = YES_ERROR;
				CLANG_WARN_EMPTY_BODY = YES;
				CLANG_WARN_ENUM_CONVERSION = YES;
				CLANG_WARN_INT_CONVERSION = YES;
				CLANG_WARN_OBJC_ROOT_CLASS = YES_ERROR;
				CLANG_WARN_UNREACHABLE_CODE = YES;
				CLANG_WARN__DUPLICATE_METHOD_MATCH = YES;
				"CODE_SIGN_IDENTITY[sdk=iphoneos*]" = "iPhone Developer";
				COPY_PHASE_STRIP = NO;
				DEBUG_INFORMATION_FORMAT = "dwarf-with-dsym";
				ENABLE_NS_ASSERTIONS = NO;
				ENABLE_STRICT_OBJC_MSGSEND = YES;
				GCC_C_LANGUAGE_STANDARD = gnu99;
				GCC_NO_COMMON_BLOCKS = YES;
				GCC_WARN_64_TO_32_BIT_CONVERSION = YES;
				GCC_WARN_ABOUT_RETURN_TYPE = YES_ERROR;
				GCC_WARN_UNDECLARED_SELECTOR = YES;
				GCC_WARN_UNINITIALIZED_AUTOS = YES_AGGRESSIVE;
				GCC_WARN_UNUSED_FUNCTION = YES;
				GCC_WARN_UNUSED_VARIABLE = YES;
				IPHONEOS_DEPLOYMENT_TARGET = 8.4;
				MTL_ENABLE_DEBUG_INFO = NO;
				SDKROOT = iphoneos;
				TARGETED_DEVICE_FAMILY = "1,2";
				VALIDATE_PRODUCT = YES;
			};
			name = Release;
		};
		0CED5B791BB2EA8D0063102D /* Debug */ = {
			isa = XCBuildConfiguration;
			buildSettings = {
				ASSETCATALOG_COMPILER_APPICON_NAME = AppIcon;
				CODE_SIGN_IDENTITY = "iPhone Developer";
				INFOPLIST_FILE = FlickrBee/Info.plist;
				LD_RUNPATH_SEARCH_PATHS = "$(inherited) @executable_path/Frameworks";
				PRODUCT_NAME = "$(TARGET_NAME)";
			};
			name = Debug;
		};
		0CED5B7A1BB2EA8D0063102D /* Release */ = {
			isa = XCBuildConfiguration;
			buildSettings = {
				ASSETCATALOG_COMPILER_APPICON_NAME = AppIcon;
				CODE_SIGN_IDENTITY = "iPhone Developer";
				INFOPLIST_FILE = FlickrBee/Info.plist;
				LD_RUNPATH_SEARCH_PATHS = "$(inherited) @executable_path/Frameworks";
				PRODUCT_NAME = "$(TARGET_NAME)";
			};
			name = Release;
		};
		0CED5B7C1BB2EA8D0063102D /* Debug */ = {
			isa = XCBuildConfiguration;
			buildSettings = {
				BUNDLE_LOADER = "$(TEST_HOST)";
				FRAMEWORK_SEARCH_PATHS = (
					"$(SDKROOT)/Developer/Library/Frameworks",
					"$(inherited)",
				);
				GCC_PREPROCESSOR_DEFINITIONS = (
					"DEBUG=1",
					"$(inherited)",
				);
				INFOPLIST_FILE = FlickrBeeTests/Info.plist;
				LD_RUNPATH_SEARCH_PATHS = "$(inherited) @executable_path/Frameworks @loader_path/Frameworks";
				PRODUCT_NAME = "$(TARGET_NAME)";
				TEST_HOST = "$(BUILT_PRODUCTS_DIR)/FlickrBee.app/FlickrBee";
			};
			name = Debug;
		};
		0CED5B7D1BB2EA8D0063102D /* Release */ = {
			isa = XCBuildConfiguration;
			buildSettings = {
				BUNDLE_LOADER = "$(TEST_HOST)";
				FRAMEWORK_SEARCH_PATHS = (
					"$(SDKROOT)/Developer/Library/Frameworks",
					"$(inherited)",
				);
				INFOPLIST_FILE = FlickrBeeTests/Info.plist;
				LD_RUNPATH_SEARCH_PATHS = "$(inherited) @executable_path/Frameworks @loader_path/Frameworks";
				PRODUCT_NAME = "$(TARGET_NAME)";
				TEST_HOST = "$(BUILT_PRODUCTS_DIR)/FlickrBee.app/FlickrBee";
			};
			name = Release;
		};
/* End XCBuildConfiguration section */

/* Begin XCConfigurationList section */
		0CED5B511BB2EA8D0063102D /* Build configuration list for PBXProject "FlickrBee" */ = {
			isa = XCConfigurationList;
			buildConfigurations = (
				0CED5B761BB2EA8D0063102D /* Debug */,
				0CED5B771BB2EA8D0063102D /* Release */,
			);
			defaultConfigurationIsVisible = 0;
			defaultConfigurationName = Release;
		};
		0CED5B781BB2EA8D0063102D /* Build configuration list for PBXNativeTarget "FlickrBee" */ = {
			isa = XCConfigurationList;
			buildConfigurations = (
				0CED5B791BB2EA8D0063102D /* Debug */,
				0CED5B7A1BB2EA8D0063102D /* Release */,
			);
			defaultConfigurationIsVisible = 0;
			defaultConfigurationName = Release;
		};
		0CED5B7B1BB2EA8D0063102D /* Build configuration list for PBXNativeTarget "FlickrBeeTests" */ = {
			isa = XCConfigurationList;
			buildConfigurations = (
				0CED5B7C1BB2EA8D0063102D /* Debug */,
				0CED5B7D1BB2EA8D0063102D /* Release */,
			);
			defaultConfigurationIsVisible = 0;
			defaultConfigurationName = Release;
		};
/* End XCConfigurationList section */

/* Begin XCVersionGroup section */
		0CED5B5D1BB2EA8D0063102D /* FlickrBee.xcdatamodeld */ = {
			isa = XCVersionGroup;
			children = (
				0CED5B5E1BB2EA8D0063102D /* FlickrBee.xcdatamodel */,
			);
			currentVersion = 0CED5B5E1BB2EA8D0063102D /* FlickrBee.xcdatamodel */;
			path = FlickrBee.xcdatamodeld;
			sourceTree = "<group>";
			versionGroupType = wrapper.xcdatamodel;
		};
/* End XCVersionGroup section */
	};
	rootObject = 0CED5B4E1BB2EA8D0063102D /* Project object */;
}
